// !$*UTF8*$!
{
	archiveVersion = 1;
	classes = {
	};
	objectVersion = 48;
	objects = {

/* Begin PBXBuildFile section */
		381B69941FD92FDD0007444E /* AppDelegate+Config.m in Sources */ = {isa = PBXBuildFile; fileRef = 381B69931FD92FDD0007444E /* AppDelegate+Config.m */; };
		381B69961FD930D80007444E /* AppDelegate.m in Sources */ = {isa = PBXBuildFile; fileRef = 381B69951FD930D80007444E /* AppDelegate.m */; };
		381B699B1FD932030007444E /* NSArray+Safe.m in Sources */ = {isa = PBXBuildFile; fileRef = 381B699A1FD932030007444E /* NSArray+Safe.m */; };
		381B69A31FD934850007444E /* HJTestFirstViewController.m in Sources */ = {isa = PBXBuildFile; fileRef = 381B69A21FD934850007444E /* HJTestFirstViewController.m */; };
		381B69A61FD934930007444E /* HJTestSecondViewController.m in Sources */ = {isa = PBXBuildFile; fileRef = 381B69A51FD934930007444E /* HJTestSecondViewController.m */; };
		381B69A91FD934A40007444E /* HJTestThirdViewController.m in Sources */ = {isa = PBXBuildFile; fileRef = 381B69A81FD934A40007444E /* HJTestThirdViewController.m */; };
		38360EE61FC7C5010068FD74 /* ViewController.m in Sources */ = {isa = PBXBuildFile; fileRef = 38360EE51FC7C5010068FD74 /* ViewController.m */; };
		38360EE91FC7C5010068FD74 /* Main.storyboard in Resources */ = {isa = PBXBuildFile; fileRef = 38360EE71FC7C5010068FD74 /* Main.storyboard */; };
		38360EEB1FC7C5010068FD74 /* Assets.xcassets in Resources */ = {isa = PBXBuildFile; fileRef = 38360EEA1FC7C5010068FD74 /* Assets.xcassets */; };
		38360EEE1FC7C5010068FD74 /* LaunchScreen.storyboard in Resources */ = {isa = PBXBuildFile; fileRef = 38360EEC1FC7C5010068FD74 /* LaunchScreen.storyboard */; };
		38360EF11FC7C5010068FD74 /* main.m in Sources */ = {isa = PBXBuildFile; fileRef = 38360EF01FC7C5010068FD74 /* main.m */; };
		3836BF091FCE62D40010F4B9 /* HJBaseTabBarController.m in Sources */ = {isa = PBXBuildFile; fileRef = 3836BF081FCE62D40010F4B9 /* HJBaseTabBarController.m */; };
		3836BF0C1FCE63100010F4B9 /* HJBaseViewController.m in Sources */ = {isa = PBXBuildFile; fileRef = 3836BF0B1FCE63100010F4B9 /* HJBaseViewController.m */; };
		38F0A3BC1FD9221D00D08295 /* UIViewController+HJRootNavigationController.m in Sources */ = {isa = PBXBuildFile; fileRef = 38F0A3B81FD9221D00D08295 /* UIViewController+HJRootNavigationController.m */; };
		38F0A3BD1FD9221D00D08295 /* HJRootNavigationController.m in Sources */ = {isa = PBXBuildFile; fileRef = 38F0A3B91FD9221D00D08295 /* HJRootNavigationController.m */; };
/* End PBXBuildFile section */

/* Begin PBXFileReference section */
		381B69921FD92FDD0007444E /* AppDelegate+Config.h */ = {isa = PBXFileReference; lastKnownFileType = sourcecode.c.h; path = "AppDelegate+Config.h"; sourceTree = "<group>"; };
		381B69931FD92FDD0007444E /* AppDelegate+Config.m */ = {isa = PBXFileReference; lastKnownFileType = sourcecode.c.objc; path = "AppDelegate+Config.m"; sourceTree = "<group>"; };
		381B69951FD930D80007444E /* AppDelegate.m */ = {isa = PBXFileReference; fileEncoding = 4; lastKnownFileType = sourcecode.c.objc; path = AppDelegate.m; sourceTree = "<group>"; };
		381B69991FD932030007444E /* NSArray+Safe.h */ = {isa = PBXFileReference; fileEncoding = 4; lastKnownFileType = sourcecode.c.h; path = "NSArray+Safe.h"; sourceTree = "<group>"; };
		381B699A1FD932030007444E /* NSArray+Safe.m */ = {isa = PBXFileReference; fileEncoding = 4; lastKnownFileType = sourcecode.c.objc; path = "NSArray+Safe.m"; sourceTree = "<group>"; };
		381B69A11FD934850007444E /* HJTestFirstViewController.h */ = {isa = PBXFileReference; lastKnownFileType = sourcecode.c.h; path = HJTestFirstViewController.h; sourceTree = "<group>"; };
		381B69A21FD934850007444E /* HJTestFirstViewController.m */ = {isa = PBXFileReference; lastKnownFileType = sourcecode.c.objc; path = HJTestFirstViewController.m; sourceTree = "<group>"; };
		381B69A41FD934930007444E /* HJTestSecondViewController.h */ = {isa = PBXFileReference; lastKnownFileType = sourcecode.c.h; path = HJTestSecondViewController.h; sourceTree = "<group>"; };
		381B69A51FD934930007444E /* HJTestSecondViewController.m */ = {isa = PBXFileReference; lastKnownFileType = sourcecode.c.objc; path = HJTestSecondViewController.m; sourceTree = "<group>"; };
		381B69A71FD934A40007444E /* HJTestThirdViewController.h */ = {isa = PBXFileReference; lastKnownFileType = sourcecode.c.h; path = HJTestThirdViewController.h; sourceTree = "<group>"; };
		381B69A81FD934A40007444E /* HJTestThirdViewController.m */ = {isa = PBXFileReference; lastKnownFileType = sourcecode.c.objc; path = HJTestThirdViewController.m; sourceTree = "<group>"; };
		38360EDE1FC7C5010068FD74 /* HJBasic.app */ = {isa = PBXFileReference; explicitFileType = wrapper.application; includeInIndex = 0; path = HJBasic.app; sourceTree = BUILT_PRODUCTS_DIR; };
		38360EE11FC7C5010068FD74 /* AppDelegate.h */ = {isa = PBXFileReference; lastKnownFileType = sourcecode.c.h; path = AppDelegate.h; sourceTree = "<group>"; };
		38360EE41FC7C5010068FD74 /* ViewController.h */ = {isa = PBXFileReference; lastKnownFileType = sourcecode.c.h; path = ViewController.h; sourceTree = "<group>"; };
		38360EE51FC7C5010068FD74 /* ViewController.m */ = {isa = PBXFileReference; lastKnownFileType = sourcecode.c.objc; path = ViewController.m; sourceTree = "<group>"; };
		38360EE81FC7C5010068FD74 /* Base */ = {isa = PBXFileReference; lastKnownFileType = file.storyboard; name = Base; path = Base.lproj/Main.storyboard; sourceTree = "<group>"; };
		38360EEA1FC7C5010068FD74 /* Assets.xcassets */ = {isa = PBXFileReference; lastKnownFileType = folder.assetcatalog; path = Assets.xcassets; sourceTree = "<group>"; };
		38360EED1FC7C5010068FD74 /* Base */ = {isa = PBXFileReference; lastKnownFileType = file.storyboard; name = Base; path = Base.lproj/LaunchScreen.storyboard; sourceTree = "<group>"; };
		38360EEF1FC7C5010068FD74 /* Info.plist */ = {isa = PBXFileReference; lastKnownFileType = text.plist.xml; path = Info.plist; sourceTree = "<group>"; };
		38360EF01FC7C5010068FD74 /* main.m */ = {isa = PBXFileReference; lastKnownFileType = sourcecode.c.objc; path = main.m; sourceTree = "<group>"; };
		3836BF071FCE62D40010F4B9 /* HJBaseTabBarController.h */ = {isa = PBXFileReference; lastKnownFileType = sourcecode.c.h; path = HJBaseTabBarController.h; sourceTree = "<group>"; };
		3836BF081FCE62D40010F4B9 /* HJBaseTabBarController.m */ = {isa = PBXFileReference; lastKnownFileType = sourcecode.c.objc; path = HJBaseTabBarController.m; sourceTree = "<group>"; };
		3836BF0A1FCE63100010F4B9 /* HJBaseViewController.h */ = {isa = PBXFileReference; lastKnownFileType = sourcecode.c.h; path = HJBaseViewController.h; sourceTree = "<group>"; };
		3836BF0B1FCE63100010F4B9 /* HJBaseViewController.m */ = {isa = PBXFileReference; lastKnownFileType = sourcecode.c.objc; path = HJBaseViewController.m; sourceTree = "<group>"; };
		38F0A3B81FD9221D00D08295 /* UIViewController+HJRootNavigationController.m */ = {isa = PBXFileReference; fileEncoding = 4; lastKnownFileType = sourcecode.c.objc; path = "UIViewController+HJRootNavigationController.m"; sourceTree = "<group>"; };
		38F0A3B91FD9221D00D08295 /* HJRootNavigationController.m */ = {isa = PBXFileReference; fileEncoding = 4; lastKnownFileType = sourcecode.c.objc; path = HJRootNavigationController.m; sourceTree = "<group>"; };
		38F0A3BA1FD9221D00D08295 /* UIViewController+HJRootNavigationController.h */ = {isa = PBXFileReference; fileEncoding = 4; lastKnownFileType = sourcecode.c.h; path = "UIViewController+HJRootNavigationController.h"; sourceTree = "<group>"; };
		38F0A3BB1FD9221D00D08295 /* HJRootNavigationController.h */ = {isa = PBXFileReference; fileEncoding = 4; lastKnownFileType = sourcecode.c.h; path = HJRootNavigationController.h; sourceTree = "<group>"; };
/* End PBXFileReference section */

/* Begin PBXFrameworksBuildPhase section */
		38360EDB1FC7C5010068FD74 /* Frameworks */ = {
			isa = PBXFrameworksBuildPhase;
			buildActionMask = 2147483647;
			files = (
			);
			runOnlyForDeploymentPostprocessing = 0;
		};
/* End PBXFrameworksBuildPhase section */

/* Begin PBXGroup section */
		381B69971FD932030007444E /* Category */ = {
			isa = PBXGroup;
			children = (
				381B69981FD932030007444E /* NSArray */,
			);
			path = Category;
			sourceTree = "<group>";
		};
		381B69981FD932030007444E /* NSArray */ = {
			isa = PBXGroup;
			children = (
				381B69991FD932030007444E /* NSArray+Safe.h */,
				381B699A1FD932030007444E /* NSArray+Safe.m */,
			);
			path = NSArray;
			sourceTree = "<group>";
		};
		381B699C1FD934550007444E /* Test */ = {
			isa = PBXGroup;
			children = (
				381B699D1FD934560007444E /* Controller */,
				381B699E1FD934560007444E /* Model */,
				381B699F1FD934560007444E /* View */,
				381B69A01FD934560007444E /* ViewModel */,
			);
			path = Test;
			sourceTree = "<group>";
		};
		381B699D1FD934560007444E /* Controller */ = {
			isa = PBXGroup;
			children = (
				381B69A11FD934850007444E /* HJTestFirstViewController.h */,
				381B69A21FD934850007444E /* HJTestFirstViewController.m */,
				381B69A41FD934930007444E /* HJTestSecondViewController.h */,
				381B69A51FD934930007444E /* HJTestSecondViewController.m */,
				381B69A71FD934A40007444E /* HJTestThirdViewController.h */,
				381B69A81FD934A40007444E /* HJTestThirdViewController.m */,
			);
			path = Controller;
			sourceTree = "<group>";
		};
		381B699E1FD934560007444E /* Model */ = {
			isa = PBXGroup;
			children = (
			);
			path = Model;
			sourceTree = "<group>";
		};
		381B699F1FD934560007444E /* View */ = {
			isa = PBXGroup;
			children = (
			);
			path = View;
			sourceTree = "<group>";
		};
		381B69A01FD934560007444E /* ViewModel */ = {
			isa = PBXGroup;
			children = (
			);
			path = ViewModel;
			sourceTree = "<group>";
		};
		38360ED51FC7C5010068FD74 = {
			isa = PBXGroup;
			children = (
				38360EE01FC7C5010068FD74 /* HJBasic */,
				38360EDF1FC7C5010068FD74 /* Products */,
			);
			sourceTree = "<group>";
		};
		38360EDF1FC7C5010068FD74 /* Products */ = {
			isa = PBXGroup;
			children = (
				38360EDE1FC7C5010068FD74 /* HJBasic.app */,
			);
			name = Products;
			sourceTree = "<group>";
		};
		38360EE01FC7C5010068FD74 /* HJBasic */ = {
			isa = PBXGroup;
			children = (
				38360EE11FC7C5010068FD74 /* AppDelegate.h */,
				381B69951FD930D80007444E /* AppDelegate.m */,
				381B69921FD92FDD0007444E /* AppDelegate+Config.h */,
				381B69931FD92FDD0007444E /* AppDelegate+Config.m */,
				38360EE41FC7C5010068FD74 /* ViewController.h */,
				38360EE51FC7C5010068FD74 /* ViewController.m */,
				381B699C1FD934550007444E /* Test */,
				3836BF021FCE62200010F4B9 /* Base */,
				381B69971FD932030007444E /* Category */,
				38360EE71FC7C5010068FD74 /* Main.storyboard */,
				38360EEA1FC7C5010068FD74 /* Assets.xcassets */,
				38360EEC1FC7C5010068FD74 /* LaunchScreen.storyboard */,
				38360EEF1FC7C5010068FD74 /* Info.plist */,
				38360EF01FC7C5010068FD74 /* main.m */,
			);
			path = HJBasic;
			sourceTree = "<group>";
		};
		3836BF021FCE62200010F4B9 /* Base */ = {
			isa = PBXGroup;
			children = (
				3836BF031FCE62200010F4B9 /* BaseModel */,
				3836BF041FCE62200010F4B9 /* BaseView */,
				3836BF051FCE62200010F4B9 /* BaseViewController */,
				3836BF061FCE62200010F4B9 /* BaseViewModel */,
			);
			path = Base;
			sourceTree = "<group>";
		};
		3836BF031FCE62200010F4B9 /* BaseModel */ = {
			isa = PBXGroup;
			children = (
			);
			path = BaseModel;
			sourceTree = "<group>";
		};
		3836BF041FCE62200010F4B9 /* BaseView */ = {
			isa = PBXGroup;
			children = (
			);
			path = BaseView;
			sourceTree = "<group>";
		};
		3836BF051FCE62200010F4B9 /* BaseViewController */ = {
			isa = PBXGroup;
			children = (
				3836BF071FCE62D40010F4B9 /* HJBaseTabBarController.h */,
				3836BF081FCE62D40010F4B9 /* HJBaseTabBarController.m */,
				3836BF0A1FCE63100010F4B9 /* HJBaseViewController.h */,
				3836BF0B1FCE63100010F4B9 /* HJBaseViewController.m */,
				38F0A3BB1FD9221D00D08295 /* HJRootNavigationController.h */,
				38F0A3B91FD9221D00D08295 /* HJRootNavigationController.m */,
				38F0A3BA1FD9221D00D08295 /* UIViewController+HJRootNavigationController.h */,
				38F0A3B81FD9221D00D08295 /* UIViewController+HJRootNavigationController.m */,
			);
			path = BaseViewController;
			sourceTree = "<group>";
		};
		3836BF061FCE62200010F4B9 /* BaseViewModel */ = {
			isa = PBXGroup;
			children = (
			);
			path = BaseViewModel;
			sourceTree = "<group>";
		};
/* End PBXGroup section */

/* Begin PBXNativeTarget section */
		38360EDD1FC7C5010068FD74 /* HJBasic */ = {
			isa = PBXNativeTarget;
			buildConfigurationList = 38360EF41FC7C5010068FD74 /* Build configuration list for PBXNativeTarget "HJBasic" */;
			buildPhases = (
				38360EDA1FC7C5010068FD74 /* Sources */,
				38360EDB1FC7C5010068FD74 /* Frameworks */,
				38360EDC1FC7C5010068FD74 /* Resources */,
			);
			buildRules = (
			);
			dependencies = (
			);
			name = HJBasic;
			productName = HJBasic;
			productReference = 38360EDE1FC7C5010068FD74 /* HJBasic.app */;
			productType = "com.apple.product-type.application";
		};
/* End PBXNativeTarget section */

/* Begin PBXProject section */
		38360ED61FC7C5010068FD74 /* Project object */ = {
			isa = PBXProject;
			attributes = {
				LastUpgradeCheck = 0910;
				ORGANIZATIONNAME = "a-375";
				TargetAttributes = {
					38360EDD1FC7C5010068FD74 = {
						CreatedOnToolsVersion = 9.1;
						ProvisioningStyle = Automatic;
					};
				};
			};
			buildConfigurationList = 38360ED91FC7C5010068FD74 /* Build configuration list for PBXProject "HJBasic" */;
			compatibilityVersion = "Xcode 8.0";
			developmentRegion = en;
			hasScannedForEncodings = 0;
			knownRegions = (
				en,
				Base,
			);
			mainGroup = 38360ED51FC7C5010068FD74;
			productRefGroup = 38360EDF1FC7C5010068FD74 /* Products */;
			projectDirPath = "";
			projectRoot = "";
			targets = (
				38360EDD1FC7C5010068FD74 /* HJBasic */,
			);
		};
/* End PBXProject section */

/* Begin PBXResourcesBuildPhase section */
		38360EDC1FC7C5010068FD74 /* Resources */ = {
			isa = PBXResourcesBuildPhase;
			buildActionMask = 2147483647;
			files = (
				38360EEE1FC7C5010068FD74 /* LaunchScreen.storyboard in Resources */,
				38360EEB1FC7C5010068FD74 /* Assets.xcassets in Resources */,
				38360EE91FC7C5010068FD74 /* Main.storyboard in Resources */,
			);
			runOnlyForDeploymentPostprocessing = 0;
		};
/* End PBXResourcesBuildPhase section */

/* Begin PBXSourcesBuildPhase section */
		38360EDA1FC7C5010068FD74 /* Sources */ = {
			isa = PBXSourcesBuildPhase;
			buildActionMask = 2147483647;
			files = (
				38F0A3BC1FD9221D00D08295 /* UIViewController+HJRootNavigationController.m in Sources */,
				3836BF091FCE62D40010F4B9 /* HJBaseTabBarController.m in Sources */,
				381B699B1FD932030007444E /* NSArray+Safe.m in Sources */,
				38F0A3BD1FD9221D00D08295 /* HJRootNavigationController.m in Sources */,
				381B69A61FD934930007444E /* HJTestSecondViewController.m in Sources */,
				38360EE61FC7C5010068FD74 /* ViewController.m in Sources */,
				381B69A91FD934A40007444E /* HJTestThirdViewController.m in Sources */,
				381B69961FD930D80007444E /* AppDelegate.m in Sources */,
				381B69941FD92FDD0007444E /* AppDelegate+Config.m in Sources */,
				3836BF0C1FCE63100010F4B9 /* HJBaseViewController.m in Sources */,
				38360EF11FC7C5010068FD74 /* main.m in Sources */,
				381B69A31FD934850007444E /* HJTestFirstViewController.m in Sources */,
			);
			runOnlyForDeploymentPostprocessing = 0;
		};
/* End PBXSourcesBuildPhase section */

/* Begin PBXVariantGroup section */
		38360EE71FC7C5010068FD74 /* Main.storyboard */ = {
			isa = PBXVariantGroup;
			children = (
				38360EE81FC7C5010068FD74 /* Base */,
			);
			name = Main.storyboard;
			sourceTree = "<group>";
		};
		38360EEC1FC7C5010068FD74 /* LaunchScreen.storyboard */ = {
			isa = PBXVariantGroup;
			children = (
				38360EED1FC7C5010068FD74 /* Base */,
			);
			name = LaunchScreen.storyboard;
			sourceTree = "<group>";
		};
/* End PBXVariantGroup section */

/* Begin XCBuildConfiguration section */
		38360EF21FC7C5010068FD74 /* Debug */ = {
			isa = XCBuildConfiguration;
			buildSettings = {
				ALWAYS_SEARCH_USER_PATHS = NO;
				CLANG_ANALYZER_NONNULL = YES;
				CLANG_ANALYZER_NUMBER_OBJECT_CONVERSION = YES_AGGRESSIVE;
				CLANG_CXX_LANGUAGE_STANDARD = "gnu++14";
				CLANG_CXX_LIBRARY = "libc++";
				CLANG_ENABLE_MODULES = YES;
				CLANG_ENABLE_OBJC_ARC = YES;
				CLANG_WARN_BLOCK_CAPTURE_AUTORELEASING = YES;
				CLANG_WARN_BOOL_CONVERSION = YES;
				CLANG_WARN_COMMA = YES;
				CLANG_WARN_CONSTANT_CONVERSION = YES;
				CLANG_WARN_DIRECT_OBJC_ISA_USAGE = YES_ERROR;
				CLANG_WARN_DOCUMENTATION_COMMENTS = YES;
				CLANG_WARN_EMPTY_BODY = YES;
				CLANG_WARN_ENUM_CONVERSION = YES;
				CLANG_WARN_INFINITE_RECURSION = YES;
				CLANG_WARN_INT_CONVERSION = YES;
				CLANG_WARN_NON_LITERAL_NULL_CONVERSION = YES;
				CLANG_WARN_OBJC_LITERAL_CONVERSION = YES;
				CLANG_WARN_OBJC_ROOT_CLASS = YES_ERROR;
				CLANG_WARN_RANGE_LOOP_ANALYSIS = YES;
				CLANG_WARN_STRICT_PROTOTYPES = YES;
				CLANG_WARN_SUSPICIOUS_MOVE = YES;
				CLANG_WARN_UNGUARDED_AVAILABILITY = YES_AGGRESSIVE;
				CLANG_WARN_UNREACHABLE_CODE = YES;
				CLANG_WARN__DUPLICATE_METHOD_MATCH = YES;
				CODE_SIGN_IDENTITY = "iPhone Developer";
				COPY_PHASE_STRIP = NO;
				DEBUG_INFORMATION_FORMAT = dwarf;
				ENABLE_STRICT_OBJC_MSGSEND = YES;
				ENABLE_TESTABILITY = YES;
				GCC_C_LANGUAGE_STANDARD = gnu11;
				GCC_DYNAMIC_NO_PIC = NO;
				GCC_NO_COMMON_BLOCKS = YES;
				GCC_OPTIMIZATION_LEVEL = 0;
				GCC_PREPROCESSOR_DEFINITIONS = (
					"DEBUG=1",
					"$(inherited)",
				);
				GCC_WARN_64_TO_32_BIT_CONVERSION = YES;
				GCC_WARN_ABOUT_RETURN_TYPE = YES_ERROR;
				GCC_WARN_UNDECLARED_SELECTOR = YES;
				GCC_WARN_UNINITIALIZED_AUTOS = YES_AGGRESSIVE;
				GCC_WARN_UNUSED_FUNCTION = YES;
				GCC_WARN_UNUSED_VARIABLE = YES;
				IPHONEOS_DEPLOYMENT_TARGET = 11.1;
				MTL_ENABLE_DEBUG_INFO = YES;
				ONLY_ACTIVE_ARCH = YES;
				SDKROOT = iphoneos;
			};
			name = Debug;
		};
		38360EF31FC7C5010068FD74 /* Release */ = {
			isa = XCBuildConfiguration;
			buildSettings = {
				ALWAYS_SEARCH_USER_PATHS = NO;
				CLANG_ANALYZER_NONNULL = YES;
				CLANG_ANALYZER_NUMBER_OBJECT_CONVERSION = YES_AGGRESSIVE;
				CLANG_CXX_LANGUAGE_STANDARD = "gnu++14";
				CLANG_CXX_LIBRARY = "libc++";
				CLANG_ENABLE_MODULES = YES;
				CLANG_ENABLE_OBJC_ARC = YES;
				CLANG_WARN_BLOCK_CAPTURE_AUTORELEASING = YES;
				CLANG_WARN_BOOL_CONVERSION = YES;
				CLANG_WARN_COMMA = YES;
				CLANG_WARN_CONSTANT_CONVERSION = YES;
				CLANG_WARN_DIRECT_OBJC_ISA_USAGE = YES_ERROR;
				CLANG_WARN_DOCUMENTATION_COMMENTS = YES;
				CLANG_WARN_EMPTY_BODY = YES;
				CLANG_WARN_ENUM_CONVERSION = YES;
				CLANG_WARN_INFINITE_RECURSION = YES;
				CLANG_WARN_INT_CONVERSION = YES;
				CLANG_WARN_NON_LITERAL_NULL_CONVERSION = YES;
				CLANG_WARN_OBJC_LITERAL_CONVERSION = YES;
				CLANG_WARN_OBJC_ROOT_CLASS = YES_ERROR;
				CLANG_WARN_RANGE_LOOP_ANALYSIS = YES;
				CLANG_WARN_STRICT_PROTOTYPES = YES;
				CLANG_WARN_SUSPICIOUS_MOVE = YES;
				CLANG_WARN_UNGUARDED_AVAILABILITY = YES_AGGRESSIVE;
				CLANG_WARN_UNREACHABLE_CODE = YES;
				CLANG_WARN__DUPLICATE_METHOD_MATCH = YES;
				CODE_SIGN_IDENTITY = "iPhone Developer";
				COPY_PHASE_STRIP = NO;
				DEBUG_INFORMATION_FORMAT = "dwarf-with-dsym";
				ENABLE_NS_ASSERTIONS = NO;
				ENABLE_STRICT_OBJC_MSGSEND = YES;
				GCC_C_LANGUAGE_STANDARD = gnu11;
				GCC_NO_COMMON_BLOCKS = YES;
				GCC_WARN_64_TO_32_BIT_CONVERSION = YES;
				GCC_WARN_ABOUT_RETURN_TYPE = YES_ERROR;
				GCC_WARN_UNDECLARED_SELECTOR = YES;
				GCC_WARN_UNINITIALIZED_AUTOS = YES_AGGRESSIVE;
				GCC_WARN_UNUSED_FUNCTION = YES;
				GCC_WARN_UNUSED_VARIABLE = YES;
				IPHONEOS_DEPLOYMENT_TARGET = 11.1;
				MTL_ENABLE_DEBUG_INFO = NO;
				SDKROOT = iphoneos;
				VALIDATE_PRODUCT = YES;
			};
			name = Release;
		};
		38360EF51FC7C5010068FD74 /* Debug */ = {
			isa = XCBuildConfiguration;
			buildSettings = {
				ASSETCATALOG_COMPILER_APPICON_NAME = AppIcon;
				CODE_SIGN_STYLE = Automatic;
				DEVELOPMENT_TEAM = XG3ZCLV9NP;
				INFOPLIST_FILE = HJBasic/Info.plist;
				IPHONEOS_DEPLOYMENT_TARGET = 9.0;
				LD_RUNPATH_SEARCH_PATHS = "$(inherited) @executable_path/Frameworks";
				PRODUCT_BUNDLE_IDENTIFIER = com.caiyi.HJBasic;
				PRODUCT_NAME = "$(TARGET_NAME)";
				TARGETED_DEVICE_FAMILY = "1,2";
			};
			name = Debug;
		};
		38360EF61FC7C5010068FD74 /* Release */ = {
			isa = XCBuildConfiguration;
			buildSettings = {
				ASSETCATALOG_COMPILER_APPICON_NAME = AppIcon;
				CODE_SIGN_STYLE = Automatic;
				DEVELOPMENT_TEAM = XG3ZCLV9NP;
				INFOPLIST_FILE = HJBasic/Info.plist;
				IPHONEOS_DEPLOYMENT_TARGET = 9.0;
				LD_RUNPATH_SEARCH_PATHS = "$(inherited) @executable_path/Frameworks";
				PRODUCT_BUNDLE_IDENTIFIER = com.caiyi.HJBasic;
				PRODUCT_NAME = "$(TARGET_NAME)";
				TARGETED_DEVICE_FAMILY = "1,2";
			};
			name = Release;
		};
/* End XCBuildConfiguration section */

/* Begin XCConfigurationList section */
		38360ED91FC7C5010068FD74 /* Build configuration list for PBXProject "HJBasic" */ = {
			isa = XCConfigurationList;
			buildConfigurations = (
				38360EF21FC7C5010068FD74 /* Debug */,
				38360EF31FC7C5010068FD74 /* Release */,
			);
			defaultConfigurationIsVisible = 0;
			defaultConfigurationName = Release;
		};
		38360EF41FC7C5010068FD74 /* Build configuration list for PBXNativeTarget "HJBasic" */ = {
			isa = XCConfigurationList;
			buildConfigurations = (
				38360EF51FC7C5010068FD74 /* Debug */,
				38360EF61FC7C5010068FD74 /* Release */,
			);
			defaultConfigurationIsVisible = 0;
			defaultConfigurationName = Release;
		};
/* End XCConfigurationList section */
	};
	rootObject = 38360ED61FC7C5010068FD74 /* Project object */;
}
